{
  "name": "typescript",
  "version": "1.0.0",
  "lockfileVersion": 1,
  "requires": true,
  "dependencies": {
    "lodash-ts": {
      "version": "1.2.7",
      "resolved": "https://registry.npmjs.org/lodash-ts/-/lodash-ts-1.2.7.tgz",
      "integrity": "sha512-O9+vr6ikDdABxQX6TGfpD5nY4dBxCQi6rIfRgShHcmNWS3HRo68RORaBoDn82b+C9pZomnGWQUKcebfERU1WKA=="
    }
  }
}
